// !$*UTF8*$!
{
	archiveVersion = 1;
	classes = {
	};
	objectVersion = 55;
	objects = {

/* Begin PBXBuildFile section */
		48C93DAC279079F100E240F5 /* CenterModel.swift in Sources */ = {isa = PBXBuildFile; fileRef = 48C93DAB279079F100E240F5 /* CenterModel.swift */; };
		6905D431278F3C850088CA0D /* AppDelegate.swift in Sources */ = {isa = PBXBuildFile; fileRef = 6905D430278F3C850088CA0D /* AppDelegate.swift */; };
		6905D435278F3C850088CA0D /* ListViewController.swift in Sources */ = {isa = PBXBuildFile; fileRef = 6905D434278F3C850088CA0D /* ListViewController.swift */; };
		6905D43A278F3C860088CA0D /* Assets.xcassets in Resources */ = {isa = PBXBuildFile; fileRef = 6905D439278F3C860088CA0D /* Assets.xcassets */; };
		6905D43D278F3C860088CA0D /* LaunchScreen.storyboard in Resources */ = {isa = PBXBuildFile; fileRef = 6905D43B278F3C860088CA0D /* LaunchScreen.storyboard */; };
		6905D462278F84A50088CA0D /* RxCocoa in Frameworks */ = {isa = PBXBuildFile; productRef = 6905D461278F84A50088CA0D /* RxCocoa */; };
		6905D464278F84A50088CA0D /* RxSwift in Frameworks */ = {isa = PBXBuildFile; productRef = 6905D463278F84A50088CA0D /* RxSwift */; };
		6905D467278F84CB0088CA0D /* SnapKit in Frameworks */ = {isa = PBXBuildFile; productRef = 6905D466278F84CB0088CA0D /* SnapKit */; };
		6905D46A278F85330088CA0D /* Alamofire in Frameworks */ = {isa = PBXBuildFile; productRef = 6905D469278F85330088CA0D /* Alamofire */; };
		6905D46D278F871E0088CA0D /* DetailViewController.swift in Sources */ = {isa = PBXBuildFile; fileRef = 6905D46C278F871E0088CA0D /* DetailViewController.swift */; };
		6905D46F278F87C20088CA0D /* ListViewModel.swift in Sources */ = {isa = PBXBuildFile; fileRef = 6905D46E278F87C20088CA0D /* ListViewModel.swift */; };
		6905D471278F87C90088CA0D /* ListModel.swift in Sources */ = {isa = PBXBuildFile; fileRef = 6905D470278F87C90088CA0D /* ListModel.swift */; };
		6905D475278FA9A00088CA0D /* Then in Frameworks */ = {isa = PBXBuildFile; productRef = 6905D474278FA9A00088CA0D /* Then */; };
		6905D4772790282D0088CA0D /* ListCustomCell.swift in Sources */ = {isa = PBXBuildFile; fileRef = 6905D4762790282D0088CA0D /* ListCustomCell.swift */; };
		6905D479279038B50088CA0D /* DetailViewModel.swift in Sources */ = {isa = PBXBuildFile; fileRef = 6905D478279038B50088CA0D /* DetailViewModel.swift */; };
		6905D47E279041FD0088CA0D /* MapViewController.swift in Sources */ = {isa = PBXBuildFile; fileRef = 6905D47D279041FD0088CA0D /* MapViewController.swift */; };
		6905D489279071C10088CA0D /* RxCLLocationManagerDelegateProxy.swift in Sources */ = {isa = PBXBuildFile; fileRef = 6905D487279071C10088CA0D /* RxCLLocationManagerDelegateProxy.swift */; };
		6905D48A279071C10088CA0D /* CLLocationManager+Rx.swift in Sources */ = {isa = PBXBuildFile; fileRef = 6905D488279071C10088CA0D /* CLLocationManager+Rx.swift */; };
		6905D491279109120088CA0D /* DetailInfoView.swift in Sources */ = {isa = PBXBuildFile; fileRef = 6905D490279109120088CA0D /* DetailInfoView.swift */; };
		6905D4942791146A0088CA0D /* ListRequest.swift in Sources */ = {isa = PBXBuildFile; fileRef = 6905D4932791146A0088CA0D /* ListRequest.swift */; };
/* End PBXBuildFile section */

/* Begin PBXFileReference section */
		48C93DAB279079F100E240F5 /* CenterModel.swift */ = {isa = PBXFileReference; lastKnownFileType = sourcecode.swift; path = CenterModel.swift; sourceTree = "<group>"; };
		6905D42D278F3C850088CA0D /* Covid.app */ = {isa = PBXFileReference; explicitFileType = wrapper.application; includeInIndex = 0; path = Covid.app; sourceTree = BUILT_PRODUCTS_DIR; };
		6905D430278F3C850088CA0D /* AppDelegate.swift */ = {isa = PBXFileReference; lastKnownFileType = sourcecode.swift; path = AppDelegate.swift; sourceTree = "<group>"; };
		6905D434278F3C850088CA0D /* ListViewController.swift */ = {isa = PBXFileReference; lastKnownFileType = sourcecode.swift; path = ListViewController.swift; sourceTree = "<group>"; };
		6905D439278F3C860088CA0D /* Assets.xcassets */ = {isa = PBXFileReference; lastKnownFileType = folder.assetcatalog; path = Assets.xcassets; sourceTree = "<group>"; };
		6905D43C278F3C860088CA0D /* Base */ = {isa = PBXFileReference; lastKnownFileType = file.storyboard; name = Base; path = Base.lproj/LaunchScreen.storyboard; sourceTree = "<group>"; };
		6905D43E278F3C860088CA0D /* Info.plist */ = {isa = PBXFileReference; lastKnownFileType = text.plist.xml; path = Info.plist; sourceTree = "<group>"; };
		6905D46C278F871E0088CA0D /* DetailViewController.swift */ = {isa = PBXFileReference; lastKnownFileType = sourcecode.swift; path = DetailViewController.swift; sourceTree = "<group>"; };
		6905D46E278F87C20088CA0D /* ListViewModel.swift */ = {isa = PBXFileReference; lastKnownFileType = sourcecode.swift; path = ListViewModel.swift; sourceTree = "<group>"; };
		6905D470278F87C90088CA0D /* ListModel.swift */ = {isa = PBXFileReference; lastKnownFileType = sourcecode.swift; path = ListModel.swift; sourceTree = "<group>"; };
		6905D4762790282D0088CA0D /* ListCustomCell.swift */ = {isa = PBXFileReference; lastKnownFileType = sourcecode.swift; path = ListCustomCell.swift; sourceTree = "<group>"; };
		6905D478279038B50088CA0D /* DetailViewModel.swift */ = {isa = PBXFileReference; lastKnownFileType = sourcecode.swift; path = DetailViewModel.swift; sourceTree = "<group>"; };
		6905D47D279041FD0088CA0D /* MapViewController.swift */ = {isa = PBXFileReference; lastKnownFileType = sourcecode.swift; path = MapViewController.swift; sourceTree = "<group>"; };
		6905D487279071C10088CA0D /* RxCLLocationManagerDelegateProxy.swift */ = {isa = PBXFileReference; fileEncoding = 4; lastKnownFileType = sourcecode.swift; path = RxCLLocationManagerDelegateProxy.swift; sourceTree = "<group>"; };
		6905D488279071C10088CA0D /* CLLocationManager+Rx.swift */ = {isa = PBXFileReference; fileEncoding = 4; lastKnownFileType = sourcecode.swift; path = "CLLocationManager+Rx.swift"; sourceTree = "<group>"; };
		6905D490279109120088CA0D /* DetailInfoView.swift */ = {isa = PBXFileReference; lastKnownFileType = sourcecode.swift; path = DetailInfoView.swift; sourceTree = "<group>"; };
		6905D4932791146A0088CA0D /* ListRequest.swift */ = {isa = PBXFileReference; lastKnownFileType = sourcecode.swift; path = ListRequest.swift; sourceTree = "<group>"; };
/* End PBXFileReference section */

/* Begin PBXFrameworksBuildPhase section */
		6905D42A278F3C850088CA0D /* Frameworks */ = {
			isa = PBXFrameworksBuildPhase;
			buildActionMask = 2147483647;
			files = (
				6905D475278FA9A00088CA0D /* Then in Frameworks */,
				6905D467278F84CB0088CA0D /* SnapKit in Frameworks */,
				6905D46A278F85330088CA0D /* Alamofire in Frameworks */,
				6905D464278F84A50088CA0D /* RxSwift in Frameworks */,
				6905D462278F84A50088CA0D /* RxCocoa in Frameworks */,
			);
			runOnlyForDeploymentPostprocessing = 0;
		};
/* End PBXFrameworksBuildPhase section */

/* Begin PBXGroup section */
		6905D424278F3C850088CA0D = {
			isa = PBXGroup;
			children = (
				6905D42F278F3C850088CA0D /* Covid */,
				6905D42E278F3C850088CA0D /* Products */,
			);
			sourceTree = "<group>";
		};
		6905D42E278F3C850088CA0D /* Products */ = {
			isa = PBXGroup;
			children = (
				6905D42D278F3C850088CA0D /* Covid.app */,
			);
			name = Products;
			sourceTree = "<group>";
		};
		6905D42F278F3C850088CA0D /* Covid */ = {
			isa = PBXGroup;
			children = (
				6905D48E2790746C0088CA0D /* Supporting Files */,
				6905D48D279074290088CA0D /* Model */,
				6905D48C279074200088CA0D /* ViewModel */,
				6905D48B2790740F0088CA0D /* View+ViewController */,
				6905D430278F3C850088CA0D /* AppDelegate.swift */,
				6905D439278F3C860088CA0D /* Assets.xcassets */,
				6905D43B278F3C860088CA0D /* LaunchScreen.storyboard */,
				6905D43E278F3C860088CA0D /* Info.plist */,
			);
			path = Covid;
			sourceTree = "<group>";
		};
		6905D48B2790740F0088CA0D /* View+ViewController */ = {
			isa = PBXGroup;
			children = (
				6905D47D279041FD0088CA0D /* MapViewController.swift */,
				6905D4762790282D0088CA0D /* ListCustomCell.swift */,
				6905D434278F3C850088CA0D /* ListViewController.swift */,
				6905D46C278F871E0088CA0D /* DetailViewController.swift */,
				6905D490279109120088CA0D /* DetailInfoView.swift */,
			);
			name = "View+ViewController";
			sourceTree = "<group>";
		};
		6905D48C279074200088CA0D /* ViewModel */ = {
			isa = PBXGroup;
			children = (
				6905D478279038B50088CA0D /* DetailViewModel.swift */,
				6905D46E278F87C20088CA0D /* ListViewModel.swift */,
			);
			path = ViewModel;
			sourceTree = "<group>";
		};
		6905D48D279074290088CA0D /* Model */ = {
			isa = PBXGroup;
			children = (
				6905D470278F87C90088CA0D /* ListModel.swift */,
				48C93DAB279079F100E240F5 /* CenterModel.swift */,
			);
			path = Model;
			sourceTree = "<group>";
		};
		6905D48E2790746C0088CA0D /* Supporting Files */ = {
			isa = PBXGroup;
			children = (
				6905D492279114480088CA0D /* Services */,
				6905D48F279104660088CA0D /* Utils */,
			);
			path = "Supporting Files";
			sourceTree = "<group>";
		};
		6905D48F279104660088CA0D /* Utils */ = {
			isa = PBXGroup;
			children = (
				6905D488279071C10088CA0D /* CLLocationManager+Rx.swift */,
				6905D487279071C10088CA0D /* RxCLLocationManagerDelegateProxy.swift */,
			);
			path = Utils;
			sourceTree = "<group>";
		};
		6905D492279114480088CA0D /* Services */ = {
			isa = PBXGroup;
			children = (
				6905D4932791146A0088CA0D /* ListRequest.swift */,
			);
			path = Services;
			sourceTree = "<group>";
		};
/* End PBXGroup section */

/* Begin PBXNativeTarget section */
		6905D42C278F3C850088CA0D /* Covid */ = {
			isa = PBXNativeTarget;
			buildConfigurationList = 6905D457278F3C860088CA0D /* Build configuration list for PBXNativeTarget "Covid" */;
			buildPhases = (
				6905D429278F3C850088CA0D /* Sources */,
				6905D42A278F3C850088CA0D /* Frameworks */,
				6905D42B278F3C850088CA0D /* Resources */,
			);
			buildRules = (
			);
			dependencies = (
			);
			name = Covid;
			packageProductDependencies = (
				6905D461278F84A50088CA0D /* RxCocoa */,
				6905D463278F84A50088CA0D /* RxSwift */,
				6905D466278F84CB0088CA0D /* SnapKit */,
				6905D469278F85330088CA0D /* Alamofire */,
				6905D474278FA9A00088CA0D /* Then */,
			);
			productName = AutoCrypt_Test;
			productReference = 6905D42D278F3C850088CA0D /* Covid.app */;
			productType = "com.apple.product-type.application";
		};
/* End PBXNativeTarget section */

/* Begin PBXProject section */
		6905D425278F3C850088CA0D /* Project object */ = {
			isa = PBXProject;
			attributes = {
				BuildIndependentTargetsInParallel = 1;
				LastSwiftUpdateCheck = 1320;
				LastUpgradeCheck = 1320;
				TargetAttributes = {
					6905D42C278F3C850088CA0D = {
						CreatedOnToolsVersion = 13.2.1;
					};
				};
			};
			buildConfigurationList = 6905D428278F3C850088CA0D /* Build configuration list for PBXProject "Covid" */;
			compatibilityVersion = "Xcode 13.0";
			developmentRegion = en;
			hasScannedForEncodings = 0;
			knownRegions = (
				en,
				Base,
			);
			mainGroup = 6905D424278F3C850088CA0D;
			packageReferences = (
				6905D460278F84A50088CA0D /* XCRemoteSwiftPackageReference "RxSwift" */,
				6905D465278F84CB0088CA0D /* XCRemoteSwiftPackageReference "SnapKit" */,
				6905D468278F85330088CA0D /* XCRemoteSwiftPackageReference "Alamofire" */,
				6905D473278FA9A00088CA0D /* XCRemoteSwiftPackageReference "Then" */,
			);
			productRefGroup = 6905D42E278F3C850088CA0D /* Products */;
			projectDirPath = "";
			projectRoot = "";
			targets = (
				6905D42C278F3C850088CA0D /* Covid */,
			);
		};
/* End PBXProject section */

/* Begin PBXResourcesBuildPhase section */
		6905D42B278F3C850088CA0D /* Resources */ = {
			isa = PBXResourcesBuildPhase;
			buildActionMask = 2147483647;
			files = (
				6905D43D278F3C860088CA0D /* LaunchScreen.storyboard in Resources */,
				6905D43A278F3C860088CA0D /* Assets.xcassets in Resources */,
			);
			runOnlyForDeploymentPostprocessing = 0;
		};
/* End PBXResourcesBuildPhase section */

/* Begin PBXSourcesBuildPhase section */
		6905D429278F3C850088CA0D /* Sources */ = {
			isa = PBXSourcesBuildPhase;
			buildActionMask = 2147483647;
			files = (
				6905D46F278F87C20088CA0D /* ListViewModel.swift in Sources */,
				6905D435278F3C850088CA0D /* ListViewController.swift in Sources */,
				6905D431278F3C850088CA0D /* AppDelegate.swift in Sources */,
				6905D47E279041FD0088CA0D /* MapViewController.swift in Sources */,
				6905D471278F87C90088CA0D /* ListModel.swift in Sources */,
				6905D491279109120088CA0D /* DetailInfoView.swift in Sources */,
				6905D4942791146A0088CA0D /* ListRequest.swift in Sources */,
				6905D489279071C10088CA0D /* RxCLLocationManagerDelegateProxy.swift in Sources */,
				6905D4772790282D0088CA0D /* ListCustomCell.swift in Sources */,
				6905D48A279071C10088CA0D /* CLLocationManager+Rx.swift in Sources */,
				6905D46D278F871E0088CA0D /* DetailViewController.swift in Sources */,
				48C93DAC279079F100E240F5 /* CenterModel.swift in Sources */,
				6905D479279038B50088CA0D /* DetailViewModel.swift in Sources */,
			);
			runOnlyForDeploymentPostprocessing = 0;
		};
/* End PBXSourcesBuildPhase section */

/* Begin PBXVariantGroup section */
		6905D43B278F3C860088CA0D /* LaunchScreen.storyboard */ = {
			isa = PBXVariantGroup;
			children = (
				6905D43C278F3C860088CA0D /* Base */,
			);
			name = LaunchScreen.storyboard;
			sourceTree = "<group>";
		};
/* End PBXVariantGroup section */

/* Begin XCBuildConfiguration section */
		6905D455278F3C860088CA0D /* Debug */ = {
			isa = XCBuildConfiguration;
			buildSettings = {
				ALWAYS_SEARCH_USER_PATHS = NO;
				CLANG_ANALYZER_NONNULL = YES;
				CLANG_ANALYZER_NUMBER_OBJECT_CONVERSION = YES_AGGRESSIVE;
				CLANG_CXX_LANGUAGE_STANDARD = "gnu++17";
				CLANG_CXX_LIBRARY = "libc++";
				CLANG_ENABLE_MODULES = YES;
				CLANG_ENABLE_OBJC_ARC = YES;
				CLANG_ENABLE_OBJC_WEAK = YES;
				CLANG_WARN_BLOCK_CAPTURE_AUTORELEASING = YES;
				CLANG_WARN_BOOL_CONVERSION = YES;
				CLANG_WARN_COMMA = YES;
				CLANG_WARN_CONSTANT_CONVERSION = YES;
				CLANG_WARN_DEPRECATED_OBJC_IMPLEMENTATIONS = YES;
				CLANG_WARN_DIRECT_OBJC_ISA_USAGE = YES_ERROR;
				CLANG_WARN_DOCUMENTATION_COMMENTS = YES;
				CLANG_WARN_EMPTY_BODY = YES;
				CLANG_WARN_ENUM_CONVERSION = YES;
				CLANG_WARN_INFINITE_RECURSION = YES;
				CLANG_WARN_INT_CONVERSION = YES;
				CLANG_WARN_NON_LITERAL_NULL_CONVERSION = YES;
				CLANG_WARN_OBJC_IMPLICIT_RETAIN_SELF = YES;
				CLANG_WARN_OBJC_LITERAL_CONVERSION = YES;
				CLANG_WARN_OBJC_ROOT_CLASS = YES_ERROR;
				CLANG_WARN_QUOTED_INCLUDE_IN_FRAMEWORK_HEADER = YES;
				CLANG_WARN_RANGE_LOOP_ANALYSIS = YES;
				CLANG_WARN_STRICT_PROTOTYPES = YES;
				CLANG_WARN_SUSPICIOUS_MOVE = YES;
				CLANG_WARN_UNGUARDED_AVAILABILITY = YES_AGGRESSIVE;
				CLANG_WARN_UNREACHABLE_CODE = YES;
				CLANG_WARN__DUPLICATE_METHOD_MATCH = YES;
				COPY_PHASE_STRIP = NO;
				DEBUG_INFORMATION_FORMAT = dwarf;
				ENABLE_STRICT_OBJC_MSGSEND = YES;
				ENABLE_TESTABILITY = YES;
				GCC_C_LANGUAGE_STANDARD = gnu11;
				GCC_DYNAMIC_NO_PIC = NO;
				GCC_NO_COMMON_BLOCKS = YES;
				GCC_OPTIMIZATION_LEVEL = 0;
				GCC_PREPROCESSOR_DEFINITIONS = (
					"DEBUG=1",
					"$(inherited)",
				);
				GCC_WARN_64_TO_32_BIT_CONVERSION = YES;
				GCC_WARN_ABOUT_RETURN_TYPE = YES_ERROR;
				GCC_WARN_UNDECLARED_SELECTOR = YES;
				GCC_WARN_UNINITIALIZED_AUTOS = YES_AGGRESSIVE;
				GCC_WARN_UNUSED_FUNCTION = YES;
				GCC_WARN_UNUSED_VARIABLE = YES;
				IPHONEOS_DEPLOYMENT_TARGET = 15.2;
				MTL_ENABLE_DEBUG_INFO = INCLUDE_SOURCE;
				MTL_FAST_MATH = YES;
				ONLY_ACTIVE_ARCH = YES;
				SDKROOT = iphoneos;
				SWIFT_ACTIVE_COMPILATION_CONDITIONS = DEBUG;
				SWIFT_OPTIMIZATION_LEVEL = "-Onone";
			};
			name = Debug;
		};
		6905D456278F3C860088CA0D /* Release */ = {
			isa = XCBuildConfiguration;
			buildSettings = {
				ALWAYS_SEARCH_USER_PATHS = NO;
				CLANG_ANALYZER_NONNULL = YES;
				CLANG_ANALYZER_NUMBER_OBJECT_CONVERSION = YES_AGGRESSIVE;
				CLANG_CXX_LANGUAGE_STANDARD = "gnu++17";
				CLANG_CXX_LIBRARY = "libc++";
				CLANG_ENABLE_MODULES = YES;
				CLANG_ENABLE_OBJC_ARC = YES;
				CLANG_ENABLE_OBJC_WEAK = YES;
				CLANG_WARN_BLOCK_CAPTURE_AUTORELEASING = YES;
				CLANG_WARN_BOOL_CONVERSION = YES;
				CLANG_WARN_COMMA = YES;
				CLANG_WARN_CONSTANT_CONVERSION = YES;
				CLANG_WARN_DEPRECATED_OBJC_IMPLEMENTATIONS = YES;
				CLANG_WARN_DIRECT_OBJC_ISA_USAGE = YES_ERROR;
				CLANG_WARN_DOCUMENTATION_COMMENTS = YES;
				CLANG_WARN_EMPTY_BODY = YES;
				CLANG_WARN_ENUM_CONVERSION = YES;
				CLANG_WARN_INFINITE_RECURSION = YES;
				CLANG_WARN_INT_CONVERSION = YES;
				CLANG_WARN_NON_LITERAL_NULL_CONVERSION = YES;
				CLANG_WARN_OBJC_IMPLICIT_RETAIN_SELF = YES;
				CLANG_WARN_OBJC_LITERAL_CONVERSION = YES;
				CLANG_WARN_OBJC_ROOT_CLASS = YES_ERROR;
				CLANG_WARN_QUOTED_INCLUDE_IN_FRAMEWORK_HEADER = YES;
				CLANG_WARN_RANGE_LOOP_ANALYSIS = YES;
				CLANG_WARN_STRICT_PROTOTYPES = YES;
				CLANG_WARN_SUSPICIOUS_MOVE = YES;
				CLANG_WARN_UNGUARDED_AVAILABILITY = YES_AGGRESSIVE;
				CLANG_WARN_UNREACHABLE_CODE = YES;
				CLANG_WARN__DUPLICATE_METHOD_MATCH = YES;
				COPY_PHASE_STRIP = NO;
				DEBUG_INFORMATION_FORMAT = "dwarf-with-dsym";
				ENABLE_NS_ASSERTIONS = NO;
				ENABLE_STRICT_OBJC_MSGSEND = YES;
				GCC_C_LANGUAGE_STANDARD = gnu11;
				GCC_NO_COMMON_BLOCKS = YES;
				GCC_WARN_64_TO_32_BIT_CONVERSION = YES;
				GCC_WARN_ABOUT_RETURN_TYPE = YES_ERROR;
				GCC_WARN_UNDECLARED_SELECTOR = YES;
				GCC_WARN_UNINITIALIZED_AUTOS = YES_AGGRESSIVE;
				GCC_WARN_UNUSED_FUNCTION = YES;
				GCC_WARN_UNUSED_VARIABLE = YES;
				IPHONEOS_DEPLOYMENT_TARGET = 15.2;
				MTL_ENABLE_DEBUG_INFO = NO;
				MTL_FAST_MATH = YES;
				SDKROOT = iphoneos;
				SWIFT_COMPILATION_MODE = wholemodule;
				SWIFT_OPTIMIZATION_LEVEL = "-O";
				VALIDATE_PRODUCT = YES;
			};
			name = Release;
		};
		6905D458278F3C860088CA0D /* Debug */ = {
			isa = XCBuildConfiguration;
			buildSettings = {
				ASSETCATALOG_COMPILER_APPICON_NAME = AppIcon;
				ASSETCATALOG_COMPILER_GLOBAL_ACCENT_COLOR_NAME = AccentColor;
				CODE_SIGN_STYLE = Automatic;
				CURRENT_PROJECT_VERSION = 1;
				DEVELOPMENT_TEAM = ATSSYJGN7N;
				GENERATE_INFOPLIST_FILE = YES;
				INFOPLIST_FILE = Covid/Info.plist;
				INFOPLIST_KEY_CFBundleDisplayName = Covid;
				INFOPLIST_KEY_NSLocationWhenInUseUsageDescription = "";
				INFOPLIST_KEY_UIApplicationSupportsIndirectInputEvents = YES;
				INFOPLIST_KEY_UILaunchStoryboardName = LaunchScreen;
				INFOPLIST_KEY_UISupportedInterfaceOrientations_iPad = "UIInterfaceOrientationPortrait UIInterfaceOrientationPortraitUpsideDown UIInterfaceOrientationLandscapeLeft UIInterfaceOrientationLandscapeRight";
				INFOPLIST_KEY_UISupportedInterfaceOrientations_iPhone = "UIInterfaceOrientationPortrait UIInterfaceOrientationLandscapeLeft UIInterfaceOrientationLandscapeRight";
				LD_RUNPATH_SEARCH_PATHS = (
					"$(inherited)",
					"@executable_path/Frameworks",
				);
				MARKETING_VERSION = 1.0;
				PRODUCT_BUNDLE_IDENTIFIER = Covid;
				PRODUCT_NAME = "$(TARGET_NAME)";
				SWIFT_EMIT_LOC_STRINGS = YES;
				SWIFT_VERSION = 5.0;
				TARGETED_DEVICE_FAMILY = "1,2";
			};
			name = Debug;
		};
		6905D459278F3C860088CA0D /* Release */ = {
			isa = XCBuildConfiguration;
			buildSettings = {
				ASSETCATALOG_COMPILER_APPICON_NAME = AppIcon;
				ASSETCATALOG_COMPILER_GLOBAL_ACCENT_COLOR_NAME = AccentColor;
				CODE_SIGN_STYLE = Automatic;
				CURRENT_PROJECT_VERSION = 1;
				DEVELOPMENT_TEAM = ATSSYJGN7N;
				GENERATE_INFOPLIST_FILE = YES;
				INFOPLIST_FILE = Covid/Info.plist;
				INFOPLIST_KEY_CFBundleDisplayName = Covid;
				INFOPLIST_KEY_NSLocationWhenInUseUsageDescription = "";
				INFOPLIST_KEY_UIApplicationSupportsIndirectInputEvents = YES;
				INFOPLIST_KEY_UILaunchStoryboardName = LaunchScreen;
				INFOPLIST_KEY_UISupportedInterfaceOrientations_iPad = "UIInterfaceOrientationPortrait UIInterfaceOrientationPortraitUpsideDown UIInterfaceOrientationLandscapeLeft UIInterfaceOrientationLandscapeRight";
				INFOPLIST_KEY_UISupportedInterfaceOrientations_iPhone = "UIInterfaceOrientationPortrait UIInterfaceOrientationLandscapeLeft UIInterfaceOrientationLandscapeRight";
				LD_RUNPATH_SEARCH_PATHS = (
					"$(inherited)",
					"@executable_path/Frameworks",
				);
				MARKETING_VERSION = 1.0;
				PRODUCT_BUNDLE_IDENTIFIER = Covid;
				PRODUCT_NAME = "$(TARGET_NAME)";
				SWIFT_EMIT_LOC_STRINGS = YES;
				SWIFT_VERSION = 5.0;
				TARGETED_DEVICE_FAMILY = "1,2";
			};
			name = Release;
		};
/* End XCBuildConfiguration section */

/* Begin XCConfigurationList section */
		6905D428278F3C850088CA0D /* Build configuration list for PBXProject "Covid" */ = {
			isa = XCConfigurationList;
			buildConfigurations = (
				6905D455278F3C860088CA0D /* Debug */,
				6905D456278F3C860088CA0D /* Release */,
			);
			defaultConfigurationIsVisible = 0;
			defaultConfigurationName = Release;
		};
		6905D457278F3C860088CA0D /* Build configuration list for PBXNativeTarget "Covid" */ = {
			isa = XCConfigurationList;
			buildConfigurations = (
				6905D458278F3C860088CA0D /* Debug */,
				6905D459278F3C860088CA0D /* Release */,
			);
			defaultConfigurationIsVisible = 0;
			defaultConfigurationName = Release;
		};
/* End XCConfigurationList section */

/* Begin XCRemoteSwiftPackageReference section */
		6905D460278F84A50088CA0D /* XCRemoteSwiftPackageReference "RxSwift" */ = {
			isa = XCRemoteSwiftPackageReference;
			repositoryURL = "https://github.com/ReactiveX/RxSwift";
			requirement = {
				kind = exactVersion;
				version = 6.2.0;
			};
		};
		6905D465278F84CB0088CA0D /* XCRemoteSwiftPackageReference "SnapKit" */ = {
			isa = XCRemoteSwiftPackageReference;
			repositoryURL = "https://github.com/SnapKit/SnapKit";
			requirement = {
				kind = exactVersion;
				version = 5.0.1;
			};
		};
		6905D468278F85330088CA0D /* XCRemoteSwiftPackageReference "Alamofire" */ = {
			isa = XCRemoteSwiftPackageReference;
			repositoryURL = "https://github.com/Alamofire/Alamofire";
			requirement = {
				kind = exactVersion;
				version = 5.5.0;
			};
		};
		6905D473278FA9A00088CA0D /* XCRemoteSwiftPackageReference "Then" */ = {
			isa = XCRemoteSwiftPackageReference;
			repositoryURL = "https://github.com/devxoul/Then";
			requirement = {
				kind = exactVersion;
				version = 2.7.0;
			};
		};
/* End XCRemoteSwiftPackageReference section */

/* Begin XCSwiftPackageProductDependency section */
		6905D461278F84A50088CA0D /* RxCocoa */ = {
			isa = XCSwiftPackageProductDependency;
			package = 6905D460278F84A50088CA0D /* XCRemoteSwiftPackageReference "RxSwift" */;
			productName = RxCocoa;
		};
		6905D463278F84A50088CA0D /* RxSwift */ = {
			isa = XCSwiftPackageProductDependency;
			package = 6905D460278F84A50088CA0D /* XCRemoteSwiftPackageReference "RxSwift" */;
			productName = RxSwift;
		};
		6905D466278F84CB0088CA0D /* SnapKit */ = {
			isa = XCSwiftPackageProductDependency;
			package = 6905D465278F84CB0088CA0D /* XCRemoteSwiftPackageReference "SnapKit" */;
			productName = SnapKit;
		};
		6905D469278F85330088CA0D /* Alamofire */ = {
			isa = XCSwiftPackageProductDependency;
			package = 6905D468278F85330088CA0D /* XCRemoteSwiftPackageReference "Alamofire" */;
			productName = Alamofire;
		};
		6905D474278FA9A00088CA0D /* Then */ = {
			isa = XCSwiftPackageProductDependency;
			package = 6905D473278FA9A00088CA0D /* XCRemoteSwiftPackageReference "Then" */;
			productName = Then;
		};
/* End XCSwiftPackageProductDependency section */
	};
	rootObject = 6905D425278F3C850088CA0D /* Project object */;
}
