// !$*UTF8*$!
{
	archiveVersion = 1;
	classes = {
	};
	objectVersion = 55;
	objects = {

/* Begin PBXBuildFile section */
		6918634C27A427AB0062A107 /* AppDelegate.swift in Sources */ = {isa = PBXBuildFile; fileRef = 6918634B27A427AB0062A107 /* AppDelegate.swift */; };
		6918634E27A427AB0062A107 /* SceneDelegate.swift in Sources */ = {isa = PBXBuildFile; fileRef = 6918634D27A427AB0062A107 /* SceneDelegate.swift */; };
		6918635027A427AB0062A107 /* ViewController.swift in Sources */ = {isa = PBXBuildFile; fileRef = 6918634F27A427AB0062A107 /* ViewController.swift */; };
		6918635327A427AB0062A107 /* Main.storyboard in Resources */ = {isa = PBXBuildFile; fileRef = 6918635127A427AB0062A107 /* Main.storyboard */; };
		6918635527A427AC0062A107 /* Assets.xcassets in Resources */ = {isa = PBXBuildFile; fileRef = 6918635427A427AC0062A107 /* Assets.xcassets */; };
		6918635827A427AC0062A107 /* LaunchScreen.storyboard in Resources */ = {isa = PBXBuildFile; fileRef = 6918635627A427AC0062A107 /* LaunchScreen.storyboard */; };
		6918636327A427AC0062A107 /* CovidInjectionTests.swift in Sources */ = {isa = PBXBuildFile; fileRef = 6918636227A427AC0062A107 /* CovidInjectionTests.swift */; };
		6918636D27A427AC0062A107 /* CovidInjectionUITests.swift in Sources */ = {isa = PBXBuildFile; fileRef = 6918636C27A427AC0062A107 /* CovidInjectionUITests.swift */; };
		6918636F27A427AC0062A107 /* CovidInjectionUITestsLaunchTests.swift in Sources */ = {isa = PBXBuildFile; fileRef = 6918636E27A427AC0062A107 /* CovidInjectionUITestsLaunchTests.swift */; };
/* End PBXBuildFile section */

/* Begin PBXContainerItemProxy section */
		6918635F27A427AC0062A107 /* PBXContainerItemProxy */ = {
			isa = PBXContainerItemProxy;
			containerPortal = 6918634027A427AB0062A107 /* Project object */;
			proxyType = 1;
			remoteGlobalIDString = 6918634727A427AB0062A107;
			remoteInfo = CovidInjection;
		};
		6918636927A427AC0062A107 /* PBXContainerItemProxy */ = {
			isa = PBXContainerItemProxy;
			containerPortal = 6918634027A427AB0062A107 /* Project object */;
			proxyType = 1;
			remoteGlobalIDString = 6918634727A427AB0062A107;
			remoteInfo = CovidInjection;
		};
/* End PBXContainerItemProxy section */

/* Begin PBXFileReference section */
		6918634827A427AB0062A107 /* CovidInjection.app */ = {isa = PBXFileReference; explicitFileType = wrapper.application; includeInIndex = 0; path = CovidInjection.app; sourceTree = BUILT_PRODUCTS_DIR; };
		6918634B27A427AB0062A107 /* AppDelegate.swift */ = {isa = PBXFileReference; lastKnownFileType = sourcecode.swift; path = AppDelegate.swift; sourceTree = "<group>"; };
		6918634D27A427AB0062A107 /* SceneDelegate.swift */ = {isa = PBXFileReference; lastKnownFileType = sourcecode.swift; path = SceneDelegate.swift; sourceTree = "<group>"; };
		6918634F27A427AB0062A107 /* ViewController.swift */ = {isa = PBXFileReference; lastKnownFileType = sourcecode.swift; path = ViewController.swift; sourceTree = "<group>"; };
		6918635227A427AB0062A107 /* Base */ = {isa = PBXFileReference; lastKnownFileType = file.storyboard; name = Base; path = Base.lproj/Main.storyboard; sourceTree = "<group>"; };
		6918635427A427AC0062A107 /* Assets.xcassets */ = {isa = PBXFileReference; lastKnownFileType = folder.assetcatalog; path = Assets.xcassets; sourceTree = "<group>"; };
		6918635727A427AC0062A107 /* Base */ = {isa = PBXFileReference; lastKnownFileType = file.storyboard; name = Base; path = Base.lproj/LaunchScreen.storyboard; sourceTree = "<group>"; };
		6918635927A427AC0062A107 /* Info.plist */ = {isa = PBXFileReference; lastKnownFileType = text.plist.xml; path = Info.plist; sourceTree = "<group>"; };
		6918635E27A427AC0062A107 /* CovidInjectionTests.xctest */ = {isa = PBXFileReference; explicitFileType = wrapper.cfbundle; includeInIndex = 0; path = CovidInjectionTests.xctest; sourceTree = BUILT_PRODUCTS_DIR; };
		6918636227A427AC0062A107 /* CovidInjectionTests.swift */ = {isa = PBXFileReference; lastKnownFileType = sourcecode.swift; path = CovidInjectionTests.swift; sourceTree = "<group>"; };
		6918636827A427AC0062A107 /* CovidInjectionUITests.xctest */ = {isa = PBXFileReference; explicitFileType = wrapper.cfbundle; includeInIndex = 0; path = CovidInjectionUITests.xctest; sourceTree = BUILT_PRODUCTS_DIR; };
		6918636C27A427AC0062A107 /* CovidInjectionUITests.swift */ = {isa = PBXFileReference; lastKnownFileType = sourcecode.swift; path = CovidInjectionUITests.swift; sourceTree = "<group>"; };
		6918636E27A427AC0062A107 /* CovidInjectionUITestsLaunchTests.swift */ = {isa = PBXFileReference; lastKnownFileType = sourcecode.swift; path = CovidInjectionUITestsLaunchTests.swift; sourceTree = "<group>"; };
/* End PBXFileReference section */

/* Begin PBXFrameworksBuildPhase section */
		6918634527A427AB0062A107 /* Frameworks */ = {
			isa = PBXFrameworksBuildPhase;
			buildActionMask = 2147483647;
			files = (
			);
			runOnlyForDeploymentPostprocessing = 0;
		};
		6918635B27A427AC0062A107 /* Frameworks */ = {
			isa = PBXFrameworksBuildPhase;
			buildActionMask = 2147483647;
			files = (
			);
			runOnlyForDeploymentPostprocessing = 0;
		};
		6918636527A427AC0062A107 /* Frameworks */ = {
			isa = PBXFrameworksBuildPhase;
			buildActionMask = 2147483647;
			files = (
			);
			runOnlyForDeploymentPostprocessing = 0;
		};
/* End PBXFrameworksBuildPhase section */

/* Begin PBXGroup section */
		6918633F27A427AB0062A107 = {
			isa = PBXGroup;
			children = (
				6918634A27A427AB0062A107 /* CovidInjection */,
				6918636127A427AC0062A107 /* CovidInjectionTests */,
				6918636B27A427AC0062A107 /* CovidInjectionUITests */,
				6918634927A427AB0062A107 /* Products */,
			);
			sourceTree = "<group>";
		};
		6918634927A427AB0062A107 /* Products */ = {
			isa = PBXGroup;
			children = (
				6918634827A427AB0062A107 /* CovidInjection.app */,
				6918635E27A427AC0062A107 /* CovidInjectionTests.xctest */,
				6918636827A427AC0062A107 /* CovidInjectionUITests.xctest */,
			);
			name = Products;
			sourceTree = "<group>";
		};
		6918634A27A427AB0062A107 /* CovidInjection */ = {
			isa = PBXGroup;
			children = (
				6918634B27A427AB0062A107 /* AppDelegate.swift */,
				6918634D27A427AB0062A107 /* SceneDelegate.swift */,
				6918634F27A427AB0062A107 /* ViewController.swift */,
				6918635127A427AB0062A107 /* Main.storyboard */,
				6918635427A427AC0062A107 /* Assets.xcassets */,
				6918635627A427AC0062A107 /* LaunchScreen.storyboard */,
				6918635927A427AC0062A107 /* Info.plist */,
			);
			path = CovidInjection;
			sourceTree = "<group>";
		};
		6918636127A427AC0062A107 /* CovidInjectionTests */ = {
			isa = PBXGroup;
			children = (
				6918636227A427AC0062A107 /* CovidInjectionTests.swift */,
			);
			path = CovidInjectionTests;
			sourceTree = "<group>";
		};
		6918636B27A427AC0062A107 /* CovidInjectionUITests */ = {
			isa = PBXGroup;
			children = (
				6918636C27A427AC0062A107 /* CovidInjectionUITests.swift */,
				6918636E27A427AC0062A107 /* CovidInjectionUITestsLaunchTests.swift */,
			);
			path = CovidInjectionUITests;
			sourceTree = "<group>";
		};
/* End PBXGroup section */

/* Begin PBXNativeTarget section */
		6918634727A427AB0062A107 /* CovidInjection */ = {
			isa = PBXNativeTarget;
			buildConfigurationList = 6918637227A427AC0062A107 /* Build configuration list for PBXNativeTarget "CovidInjection" */;
			buildPhases = (
				6918634427A427AB0062A107 /* Sources */,
				6918634527A427AB0062A107 /* Frameworks */,
				6918634627A427AB0062A107 /* Resources */,
			);
			buildRules = (
			);
			dependencies = (
			);
			name = CovidInjection;
			productName = CovidInjection;
			productReference = 6918634827A427AB0062A107 /* CovidInjection.app */;
			productType = "com.apple.product-type.application";
		};
		6918635D27A427AC0062A107 /* CovidInjectionTests */ = {
			isa = PBXNativeTarget;
			buildConfigurationList = 6918637527A427AC0062A107 /* Build configuration list for PBXNativeTarget "CovidInjectionTests" */;
			buildPhases = (
				6918635A27A427AC0062A107 /* Sources */,
				6918635B27A427AC0062A107 /* Frameworks */,
				6918635C27A427AC0062A107 /* Resources */,
			);
			buildRules = (
			);
			dependencies = (
				6918636027A427AC0062A107 /* PBXTargetDependency */,
			);
			name = CovidInjectionTests;
			productName = CovidInjectionTests;
			productReference = 6918635E27A427AC0062A107 /* CovidInjectionTests.xctest */;
			productType = "com.apple.product-type.bundle.unit-test";
		};
		6918636727A427AC0062A107 /* CovidInjectionUITests */ = {
			isa = PBXNativeTarget;
			buildConfigurationList = 6918637827A427AC0062A107 /* Build configuration list for PBXNativeTarget "CovidInjectionUITests" */;
			buildPhases = (
				6918636427A427AC0062A107 /* Sources */,
				6918636527A427AC0062A107 /* Frameworks */,
				6918636627A427AC0062A107 /* Resources */,
			);
			buildRules = (
			);
			dependencies = (
				6918636A27A427AC0062A107 /* PBXTargetDependency */,
			);
			name = CovidInjectionUITests;
			productName = CovidInjectionUITests;
			productReference = 6918636827A427AC0062A107 /* CovidInjectionUITests.xctest */;
			productType = "com.apple.product-type.bundle.ui-testing";
		};
/* End PBXNativeTarget section */

/* Begin PBXProject section */
		6918634027A427AB0062A107 /* Project object */ = {
			isa = PBXProject;
			attributes = {
				BuildIndependentTargetsInParallel = 1;
				LastSwiftUpdateCheck = 1320;
				LastUpgradeCheck = 1320;
				TargetAttributes = {
					6918634727A427AB0062A107 = {
						CreatedOnToolsVersion = 13.2.1;
					};
					6918635D27A427AC0062A107 = {
						CreatedOnToolsVersion = 13.2.1;
						TestTargetID = 6918634727A427AB0062A107;
					};
					6918636727A427AC0062A107 = {
						CreatedOnToolsVersion = 13.2.1;
						TestTargetID = 6918634727A427AB0062A107;
					};
				};
			};
			buildConfigurationList = 6918634327A427AB0062A107 /* Build configuration list for PBXProject "CovidInjection" */;
			compatibilityVersion = "Xcode 13.0";
			developmentRegion = en;
			hasScannedForEncodings = 0;
			knownRegions = (
				en,
				Base,
			);
			mainGroup = 6918633F27A427AB0062A107;
			productRefGroup = 6918634927A427AB0062A107 /* Products */;
			projectDirPath = "";
			projectRoot = "";
			targets = (
				6918634727A427AB0062A107 /* CovidInjection */,
				6918635D27A427AC0062A107 /* CovidInjectionTests */,
				6918636727A427AC0062A107 /* CovidInjectionUITests */,
			);
		};
/* End PBXProject section */

/* Begin PBXResourcesBuildPhase section */
		6918634627A427AB0062A107 /* Resources */ = {
			isa = PBXResourcesBuildPhase;
			buildActionMask = 2147483647;
			files = (
				6918635827A427AC0062A107 /* LaunchScreen.storyboard in Resources */,
				6918635527A427AC0062A107 /* Assets.xcassets in Resources */,
				6918635327A427AB0062A107 /* Main.storyboard in Resources */,
			);
			runOnlyForDeploymentPostprocessing = 0;
		};
		6918635C27A427AC0062A107 /* Resources */ = {
			isa = PBXResourcesBuildPhase;
			buildActionMask = 2147483647;
			files = (
			);
			runOnlyForDeploymentPostprocessing = 0;
		};
		6918636627A427AC0062A107 /* Resources */ = {
			isa = PBXResourcesBuildPhase;
			buildActionMask = 2147483647;
			files = (
			);
			runOnlyForDeploymentPostprocessing = 0;
		};
/* End PBXResourcesBuildPhase section */

/* Begin PBXSourcesBuildPhase section */
		6918634427A427AB0062A107 /* Sources */ = {
			isa = PBXSourcesBuildPhase;
			buildActionMask = 2147483647;
			files = (
				6918635027A427AB0062A107 /* ViewController.swift in Sources */,
				6918634C27A427AB0062A107 /* AppDelegate.swift in Sources */,
				6918634E27A427AB0062A107 /* SceneDelegate.swift in Sources */,
			);
			runOnlyForDeploymentPostprocessing = 0;
		};
		6918635A27A427AC0062A107 /* Sources */ = {
			isa = PBXSourcesBuildPhase;
			buildActionMask = 2147483647;
			files = (
				6918636327A427AC0062A107 /* CovidInjectionTests.swift in Sources */,
			);
			runOnlyForDeploymentPostprocessing = 0;
		};
		6918636427A427AC0062A107 /* Sources */ = {
			isa = PBXSourcesBuildPhase;
			buildActionMask = 2147483647;
			files = (
				6918636F27A427AC0062A107 /* CovidInjectionUITestsLaunchTests.swift in Sources */,
				6918636D27A427AC0062A107 /* CovidInjectionUITests.swift in Sources */,
			);
			runOnlyForDeploymentPostprocessing = 0;
		};
/* End PBXSourcesBuildPhase section */

/* Begin PBXTargetDependency section */
		6918636027A427AC0062A107 /* PBXTargetDependency */ = {
			isa = PBXTargetDependency;
			target = 6918634727A427AB0062A107 /* CovidInjection */;
			targetProxy = 6918635F27A427AC0062A107 /* PBXContainerItemProxy */;
		};
		6918636A27A427AC0062A107 /* PBXTargetDependency */ = {
			isa = PBXTargetDependency;
			target = 6918634727A427AB0062A107 /* CovidInjection */;
			targetProxy = 6918636927A427AC0062A107 /* PBXContainerItemProxy */;
		};
/* End PBXTargetDependency section */

/* Begin PBXVariantGroup section */
		6918635127A427AB0062A107 /* Main.storyboard */ = {
			isa = PBXVariantGroup;
			children = (
				6918635227A427AB0062A107 /* Base */,
			);
			name = Main.storyboard;
			sourceTree = "<group>";
		};
		6918635627A427AC0062A107 /* LaunchScreen.storyboard */ = {
			isa = PBXVariantGroup;
			children = (
				6918635727A427AC0062A107 /* Base */,
			);
			name = LaunchScreen.storyboard;
			sourceTree = "<group>";
		};
/* End PBXVariantGroup section */

/* Begin XCBuildConfiguration section */
		6918637027A427AC0062A107 /* Debug */ = {
			isa = XCBuildConfiguration;
			buildSettings = {
				ALWAYS_SEARCH_USER_PATHS = NO;
				CLANG_ANALYZER_NONNULL = YES;
				CLANG_ANALYZER_NUMBER_OBJECT_CONVERSION = YES_AGGRESSIVE;
				CLANG_CXX_LANGUAGE_STANDARD = "gnu++17";
				CLANG_CXX_LIBRARY = "libc++";
				CLANG_ENABLE_MODULES = YES;
				CLANG_ENABLE_OBJC_ARC = YES;
				CLANG_ENABLE_OBJC_WEAK = YES;
				CLANG_WARN_BLOCK_CAPTURE_AUTORELEASING = YES;
				CLANG_WARN_BOOL_CONVERSION = YES;
				CLANG_WARN_COMMA = YES;
				CLANG_WARN_CONSTANT_CONVERSION = YES;
				CLANG_WARN_DEPRECATED_OBJC_IMPLEMENTATIONS = YES;
				CLANG_WARN_DIRECT_OBJC_ISA_USAGE = YES_ERROR;
				CLANG_WARN_DOCUMENTATION_COMMENTS = YES;
				CLANG_WARN_EMPTY_BODY = YES;
				CLANG_WARN_ENUM_CONVERSION = YES;
				CLANG_WARN_INFINITE_RECURSION = YES;
				CLANG_WARN_INT_CONVERSION = YES;
				CLANG_WARN_NON_LITERAL_NULL_CONVERSION = YES;
				CLANG_WARN_OBJC_IMPLICIT_RETAIN_SELF = YES;
				CLANG_WARN_OBJC_LITERAL_CONVERSION = YES;
				CLANG_WARN_OBJC_ROOT_CLASS = YES_ERROR;
				CLANG_WARN_QUOTED_INCLUDE_IN_FRAMEWORK_HEADER = YES;
				CLANG_WARN_RANGE_LOOP_ANALYSIS = YES;
				CLANG_WARN_STRICT_PROTOTYPES = YES;
				CLANG_WARN_SUSPICIOUS_MOVE = YES;
				CLANG_WARN_UNGUARDED_AVAILABILITY = YES_AGGRESSIVE;
				CLANG_WARN_UNREACHABLE_CODE = YES;
				CLANG_WARN__DUPLICATE_METHOD_MATCH = YES;
				COPY_PHASE_STRIP = NO;
				DEBUG_INFORMATION_FORMAT = dwarf;
				ENABLE_STRICT_OBJC_MSGSEND = YES;
				ENABLE_TESTABILITY = YES;
				GCC_C_LANGUAGE_STANDARD = gnu11;
				GCC_DYNAMIC_NO_PIC = NO;
				GCC_NO_COMMON_BLOCKS = YES;
				GCC_OPTIMIZATION_LEVEL = 0;
				GCC_PREPROCESSOR_DEFINITIONS = (
					"DEBUG=1",
					"$(inherited)",
				);
				GCC_WARN_64_TO_32_BIT_CONVERSION = YES;
				GCC_WARN_ABOUT_RETURN_TYPE = YES_ERROR;
				GCC_WARN_UNDECLARED_SELECTOR = YES;
				GCC_WARN_UNINITIALIZED_AUTOS = YES_AGGRESSIVE;
				GCC_WARN_UNUSED_FUNCTION = YES;
				GCC_WARN_UNUSED_VARIABLE = YES;
				IPHONEOS_DEPLOYMENT_TARGET = 15.2;
				MTL_ENABLE_DEBUG_INFO = INCLUDE_SOURCE;
				MTL_FAST_MATH = YES;
				ONLY_ACTIVE_ARCH = YES;
				SDKROOT = iphoneos;
				SWIFT_ACTIVE_COMPILATION_CONDITIONS = DEBUG;
				SWIFT_OPTIMIZATION_LEVEL = "-Onone";
			};
			name = Debug;
		};
		6918637127A427AC0062A107 /* Release */ = {
			isa = XCBuildConfiguration;
			buildSettings = {
				ALWAYS_SEARCH_USER_PATHS = NO;
				CLANG_ANALYZER_NONNULL = YES;
				CLANG_ANALYZER_NUMBER_OBJECT_CONVERSION = YES_AGGRESSIVE;
				CLANG_CXX_LANGUAGE_STANDARD = "gnu++17";
				CLANG_CXX_LIBRARY = "libc++";
				CLANG_ENABLE_MODULES = YES;
				CLANG_ENABLE_OBJC_ARC = YES;
				CLANG_ENABLE_OBJC_WEAK = YES;
				CLANG_WARN_BLOCK_CAPTURE_AUTORELEASING = YES;
				CLANG_WARN_BOOL_CONVERSION = YES;
				CLANG_WARN_COMMA = YES;
				CLANG_WARN_CONSTANT_CONVERSION = YES;
				CLANG_WARN_DEPRECATED_OBJC_IMPLEMENTATIONS = YES;
				CLANG_WARN_DIRECT_OBJC_ISA_USAGE = YES_ERROR;
				CLANG_WARN_DOCUMENTATION_COMMENTS = YES;
				CLANG_WARN_EMPTY_BODY = YES;
				CLANG_WARN_ENUM_CONVERSION = YES;
				CLANG_WARN_INFINITE_RECURSION = YES;
				CLANG_WARN_INT_CONVERSION = YES;
				CLANG_WARN_NON_LITERAL_NULL_CONVERSION = YES;
				CLANG_WARN_OBJC_IMPLICIT_RETAIN_SELF = YES;
				CLANG_WARN_OBJC_LITERAL_CONVERSION = YES;
				CLANG_WARN_OBJC_ROOT_CLASS = YES_ERROR;
				CLANG_WARN_QUOTED_INCLUDE_IN_FRAMEWORK_HEADER = YES;
				CLANG_WARN_RANGE_LOOP_ANALYSIS = YES;
				CLANG_WARN_STRICT_PROTOTYPES = YES;
				CLANG_WARN_SUSPICIOUS_MOVE = YES;
				CLANG_WARN_UNGUARDED_AVAILABILITY = YES_AGGRESSIVE;
				CLANG_WARN_UNREACHABLE_CODE = YES;
				CLANG_WARN__DUPLICATE_METHOD_MATCH = YES;
				COPY_PHASE_STRIP = NO;
				DEBUG_INFORMATION_FORMAT = "dwarf-with-dsym";
				ENABLE_NS_ASSERTIONS = NO;
				ENABLE_STRICT_OBJC_MSGSEND = YES;
				GCC_C_LANGUAGE_STANDARD = gnu11;
				GCC_NO_COMMON_BLOCKS = YES;
				GCC_WARN_64_TO_32_BIT_CONVERSION = YES;
				GCC_WARN_ABOUT_RETURN_TYPE = YES_ERROR;
				GCC_WARN_UNDECLARED_SELECTOR = YES;
				GCC_WARN_UNINITIALIZED_AUTOS = YES_AGGRESSIVE;
				GCC_WARN_UNUSED_FUNCTION = YES;
				GCC_WARN_UNUSED_VARIABLE = YES;
				IPHONEOS_DEPLOYMENT_TARGET = 15.2;
				MTL_ENABLE_DEBUG_INFO = NO;
				MTL_FAST_MATH = YES;
				SDKROOT = iphoneos;
				SWIFT_COMPILATION_MODE = wholemodule;
				SWIFT_OPTIMIZATION_LEVEL = "-O";
				VALIDATE_PRODUCT = YES;
			};
			name = Release;
		};
		6918637327A427AC0062A107 /* Debug */ = {
			isa = XCBuildConfiguration;
			buildSettings = {
				ASSETCATALOG_COMPILER_APPICON_NAME = AppIcon;
				ASSETCATALOG_COMPILER_GLOBAL_ACCENT_COLOR_NAME = AccentColor;
				CODE_SIGN_STYLE = Automatic;
				CURRENT_PROJECT_VERSION = 1;
				DEVELOPMENT_TEAM = ATSSYJGN7N;
				GENERATE_INFOPLIST_FILE = YES;
				INFOPLIST_FILE = CovidInjection/Info.plist;
				INFOPLIST_KEY_UIApplicationSupportsIndirectInputEvents = YES;
				INFOPLIST_KEY_UILaunchStoryboardName = LaunchScreen;
				INFOPLIST_KEY_UIMainStoryboardFile = Main;
				INFOPLIST_KEY_UISupportedInterfaceOrientations_iPad = "UIInterfaceOrientationPortrait UIInterfaceOrientationPortraitUpsideDown UIInterfaceOrientationLandscapeLeft UIInterfaceOrientationLandscapeRight";
				INFOPLIST_KEY_UISupportedInterfaceOrientations_iPhone = "UIInterfaceOrientationPortrait UIInterfaceOrientationLandscapeLeft UIInterfaceOrientationLandscapeRight";
				LD_RUNPATH_SEARCH_PATHS = (
					"$(inherited)",
					"@executable_path/Frameworks",
				);
				MARKETING_VERSION = 1.0;
				PRODUCT_BUNDLE_IDENTIFIER = Jay.CovidInjection;
				PRODUCT_NAME = "$(TARGET_NAME)";
				SWIFT_EMIT_LOC_STRINGS = YES;
				SWIFT_VERSION = 5.0;
				TARGETED_DEVICE_FAMILY = "1,2";
			};
			name = Debug;
		};
		6918637427A427AC0062A107 /* Release */ = {
			isa = XCBuildConfiguration;
			buildSettings = {
				ASSETCATALOG_COMPILER_APPICON_NAME = AppIcon;
				ASSETCATALOG_COMPILER_GLOBAL_ACCENT_COLOR_NAME = AccentColor;
				CODE_SIGN_STYLE = Automatic;
				CURRENT_PROJECT_VERSION = 1;
				DEVELOPMENT_TEAM = ATSSYJGN7N;
				GENERATE_INFOPLIST_FILE = YES;
				INFOPLIST_FILE = CovidInjection/Info.plist;
				INFOPLIST_KEY_UIApplicationSupportsIndirectInputEvents = YES;
				INFOPLIST_KEY_UILaunchStoryboardName = LaunchScreen;
				INFOPLIST_KEY_UIMainStoryboardFile = Main;
				INFOPLIST_KEY_UISupportedInterfaceOrientations_iPad = "UIInterfaceOrientationPortrait UIInterfaceOrientationPortraitUpsideDown UIInterfaceOrientationLandscapeLeft UIInterfaceOrientationLandscapeRight";
				INFOPLIST_KEY_UISupportedInterfaceOrientations_iPhone = "UIInterfaceOrientationPortrait UIInterfaceOrientationLandscapeLeft UIInterfaceOrientationLandscapeRight";
				LD_RUNPATH_SEARCH_PATHS = (
					"$(inherited)",
					"@executable_path/Frameworks",
				);
				MARKETING_VERSION = 1.0;
				PRODUCT_BUNDLE_IDENTIFIER = Jay.CovidInjection;
				PRODUCT_NAME = "$(TARGET_NAME)";
				SWIFT_EMIT_LOC_STRINGS = YES;
				SWIFT_VERSION = 5.0;
				TARGETED_DEVICE_FAMILY = "1,2";
			};
			name = Release;
		};
		6918637627A427AC0062A107 /* Debug */ = {
			isa = XCBuildConfiguration;
			buildSettings = {
				ALWAYS_EMBED_SWIFT_STANDARD_LIBRARIES = YES;
				BUNDLE_LOADER = "$(TEST_HOST)";
				CODE_SIGN_STYLE = Automatic;
				CURRENT_PROJECT_VERSION = 1;
				DEVELOPMENT_TEAM = ATSSYJGN7N;
				GENERATE_INFOPLIST_FILE = YES;
				IPHONEOS_DEPLOYMENT_TARGET = 15.2;
				MARKETING_VERSION = 1.0;
				PRODUCT_BUNDLE_IDENTIFIER = Jay.CovidInjectionTests;
				PRODUCT_NAME = "$(TARGET_NAME)";
				SWIFT_EMIT_LOC_STRINGS = NO;
				SWIFT_VERSION = 5.0;
				TARGETED_DEVICE_FAMILY = "1,2";
				TEST_HOST = "$(BUILT_PRODUCTS_DIR)/CovidInjection.app/CovidInjection";
			};
			name = Debug;
		};
		6918637727A427AC0062A107 /* Release */ = {
			isa = XCBuildConfiguration;
			buildSettings = {
				ALWAYS_EMBED_SWIFT_STANDARD_LIBRARIES = YES;
				BUNDLE_LOADER = "$(TEST_HOST)";
				CODE_SIGN_STYLE = Automatic;
				CURRENT_PROJECT_VERSION = 1;
				DEVELOPMENT_TEAM = ATSSYJGN7N;
				GENERATE_INFOPLIST_FILE = YES;
				IPHONEOS_DEPLOYMENT_TARGET = 15.2;
				MARKETING_VERSION = 1.0;
				PRODUCT_BUNDLE_IDENTIFIER = Jay.CovidInjectionTests;
				PRODUCT_NAME = "$(TARGET_NAME)";
				SWIFT_EMIT_LOC_STRINGS = NO;
				SWIFT_VERSION = 5.0;
				TARGETED_DEVICE_FAMILY = "1,2";
				TEST_HOST = "$(BUILT_PRODUCTS_DIR)/CovidInjection.app/CovidInjection";
			};
			name = Release;
		};
		6918637927A427AC0062A107 /* Debug */ = {
			isa = XCBuildConfiguration;
			buildSettings = {
				ALWAYS_EMBED_SWIFT_STANDARD_LIBRARIES = YES;
				CODE_SIGN_STYLE = Automatic;
				CURRENT_PROJECT_VERSION = 1;
				DEVELOPMENT_TEAM = ATSSYJGN7N;
				GENERATE_INFOPLIST_FILE = YES;
				MARKETING_VERSION = 1.0;
				PRODUCT_BUNDLE_IDENTIFIER = Jay.CovidInjectionUITests;
				PRODUCT_NAME = "$(TARGET_NAME)";
				SWIFT_EMIT_LOC_STRINGS = NO;
				SWIFT_VERSION = 5.0;
				TARGETED_DEVICE_FAMILY = "1,2";
				TEST_TARGET_NAME = CovidInjection;
			};
			name = Debug;
		};
		6918637A27A427AC0062A107 /* Release */ = {
			isa = XCBuildConfiguration;
			buildSettings = {
				ALWAYS_EMBED_SWIFT_STANDARD_LIBRARIES = YES;
				CODE_SIGN_STYLE = Automatic;
				CURRENT_PROJECT_VERSION = 1;
				DEVELOPMENT_TEAM = ATSSYJGN7N;
				GENERATE_INFOPLIST_FILE = YES;
				MARKETING_VERSION = 1.0;
				PRODUCT_BUNDLE_IDENTIFIER = Jay.CovidInjectionUITests;
				PRODUCT_NAME = "$(TARGET_NAME)";
				SWIFT_EMIT_LOC_STRINGS = NO;
				SWIFT_VERSION = 5.0;
				TARGETED_DEVICE_FAMILY = "1,2";
				TEST_TARGET_NAME = CovidInjection;
			};
			name = Release;
		};
/* End XCBuildConfiguration section */

/* Begin XCConfigurationList section */
		6918634327A427AB0062A107 /* Build configuration list for PBXProject "CovidInjection" */ = {
			isa = XCConfigurationList;
			buildConfigurations = (
				6918637027A427AC0062A107 /* Debug */,
				6918637127A427AC0062A107 /* Release */,
			);
			defaultConfigurationIsVisible = 0;
			defaultConfigurationName = Release;
		};
		6918637227A427AC0062A107 /* Build configuration list for PBXNativeTarget "CovidInjection" */ = {
			isa = XCConfigurationList;
			buildConfigurations = (
				6918637327A427AC0062A107 /* Debug */,
				6918637427A427AC0062A107 /* Release */,
			);
			defaultConfigurationIsVisible = 0;
			defaultConfigurationName = Release;
		};
		6918637527A427AC0062A107 /* Build configuration list for PBXNativeTarget "CovidInjectionTests" */ = {
			isa = XCConfigurationList;
			buildConfigurations = (
				6918637627A427AC0062A107 /* Debug */,
				6918637727A427AC0062A107 /* Release */,
			);
			defaultConfigurationIsVisible = 0;
			defaultConfigurationName = Release;
		};
		6918637827A427AC0062A107 /* Build configuration list for PBXNativeTarget "CovidInjectionUITests" */ = {
			isa = XCConfigurationList;
			buildConfigurations = (
				6918637927A427AC0062A107 /* Debug */,
				6918637A27A427AC0062A107 /* Release */,
			);
			defaultConfigurationIsVisible = 0;
			defaultConfigurationName = Release;
		};
/* End XCConfigurationList section */
	};
	rootObject = 6918634027A427AB0062A107 /* Project object */;
}
